
Microsoft Visual Studio Solution File, Format Version 12.00
# Visual Studio Version 16
VisualStudioVersion = 16.0.31129.286
MinimumVisualStudioVersion = 10.0.40219.1
Project("{FAE04EC0-301F-11D3-BF4B-00C04F79EFBC}") = "DeskBooker.Core.Tests", "DeskBooker.Core.Tests\DeskBooker.Core.Tests.csproj", "{FD196D13-9290-46F2-AB21-D64AE9740751}"
EndProject
Project("{FAE04EC0-301F-11D3-BF4B-00C04F79EFBC}") = "DeskBooker.Core", "DeskBooker.Core\DeskBooker.Core.csproj", "{2EC4E38A-E3E9-4CBC-9AD3-8DFC0224E8CC}"
EndProject
Global
	GlobalSection(SolutionConfigurationPlatforms) = preSolution
		Debug|Any CPU = Debug|Any CPU
		Release|Any CPU = Release|Any CPU
	EndGlobalSection
	GlobalSection(ProjectConfigurationPlatforms) = postSolution
		{FD196D13-9290-46F2-AB21-D64AE9740751}.Debug|Any CPU.ActiveCfg = Debug|Any CPU
		{FD196D13-9290-46F2-AB21-D64AE9740751}.Debug|Any CPU.Build.0 = Debug|Any CPU
		{FD196D13-9290-46F2-AB21-D64AE9740751}.Release|Any CPU.ActiveCfg = Release|Any CPU
		{FD196D13-9290-46F2-AB21-D64AE9740751}.Release|Any CPU.Build.0 = Release|Any CPU
		{2EC4E38A-E3E9-4CBC-9AD3-8DFC0224E8CC}.Debug|Any CPU.ActiveCfg = Debug|Any CPU
		{2EC4E38A-E3E9-4CBC-9AD3-8DFC0224E8CC}.Debug|Any CPU.Build.0 = Debug|Any CPU
		{2EC4E38A-E3E9-4CBC-9AD3-8DFC0224E8CC}.Release|Any CPU.ActiveCfg = Release|Any CPU
		{2EC4E38A-E3E9-4CBC-9AD3-8DFC0224E8CC}.Release|Any CPU.Build.0 = Release|Any CPU
	EndGlobalSection
	GlobalSection(SolutionProperties) = preSolution
		HideSolutionNode = FALSE
	EndGlobalSection
	GlobalSection(ExtensibilityGlobals) = postSolution
		SolutionGuid = {36493052-CBFA-4217-966B-D4D0EEE67765}
	EndGlobalSection
EndGlobal
